
Microsoft Visual Studio Solution File, Format Version 12.00
# Visual Studio Version 16
VisualStudioVersion = 16.0.29306.81
MinimumVisualStudioVersion = 10.0.40219.1
Project("{FAE04EC0-301F-11D3-BF4B-00C04F79EFBC}") = "CalculadoraPOO", "CalculadoraPOO\CalculadoraPOO.csproj", "{F8B587B8-2251-453C-B356-9C6605CA62CD}"
EndProject
Global
	GlobalSection(SolutionConfigurationPlatforms) = preSolution
		Debug|Any CPU = Debug|Any CPU
		Release|Any CPU = Release|Any CPU
	EndGlobalSection
	GlobalSection(ProjectConfigurationPlatforms) = postSolution
		{F8B587B8-2251-453C-B356-9C6605CA62CD}.Debug|Any CPU.ActiveCfg = Debug|Any CPU
		{F8B587B8-2251-453C-B356-9C6605CA62CD}.Debug|Any CPU.Build.0 = Debug|Any CPU
		{F8B587B8-2251-453C-B356-9C6605CA62CD}.Release|Any CPU.ActiveCfg = Release|Any CPU
		{F8B587B8-2251-453C-B356-9C6605CA62CD}.Release|Any CPU.Build.0 = Release|Any CPU
	EndGlobalSection
	GlobalSection(SolutionProperties) = preSolution
		HideSolutionNode = FALSE
	EndGlobalSection
	GlobalSection(ExtensibilityGlobals) = postSolution
		SolutionGuid = {7C318926-3CDD-4657-84D5-9D8CA61C356F}
	EndGlobalSection
EndGlobal
